
Microsoft Visual Studio Solution File, Format Version 12.00
# Visual Studio Version 17
VisualStudioVersion = 17.9.34503.80
MinimumVisualStudioVersion = 10.0.40219.1
Project("{9A19103F-16F7-4668-BE54-9A1E7A4F7556}") = "ImageHoverTest", "ImageHoverTest\ImageHoverTest.csproj", "{0B8923A5-8D44-44B5-884D-A5D86EA55613}"
EndProject
Project("{FAE04EC0-301F-11D3-BF4B-00C04F79EFBC}") = "ImageHoverTest2", "test2\ImageHoverTest2.csproj", "{9C7FC369-68D0-48B3-88EC-C13D2B457BA6}"
EndProject
Global
	GlobalSection(SolutionConfigurationPlatforms) = preSolution
		Debug|Any CPU = Debug|Any CPU
		Release|Any CPU = Release|Any CPU
	EndGlobalSection
	GlobalSection(ProjectConfigurationPlatforms) = postSolution
		{0B8923A5-8D44-44B5-884D-A5D86EA55613}.Debug|Any CPU.ActiveCfg = Debug|Any CPU
		{0B8923A5-8D44-44B5-884D-A5D86EA55613}.Debug|Any CPU.Build.0 = Debug|Any CPU
		{0B8923A5-8D44-44B5-884D-A5D86EA55613}.Release|Any CPU.ActiveCfg = Release|Any CPU
		{0B8923A5-8D44-44B5-884D-A5D86EA55613}.Release|Any CPU.Build.0 = Release|Any CPU
		{9C7FC369-68D0-48B3-88EC-C13D2B457BA6}.Debug|Any CPU.ActiveCfg = Debug|Any CPU
		{9C7FC369-68D0-48B3-88EC-C13D2B457BA6}.Debug|Any CPU.Build.0 = Debug|Any CPU
		{9C7FC369-68D0-48B3-88EC-C13D2B457BA6}.Release|Any CPU.ActiveCfg = Release|Any CPU
		{9C7FC369-68D0-48B3-88EC-C13D2B457BA6}.Release|Any CPU.Build.0 = Release|Any CPU
	EndGlobalSection
	GlobalSection(SolutionProperties) = preSolution
		HideSolutionNode = FALSE
	EndGlobalSection
	GlobalSection(ExtensibilityGlobals) = postSolution
		SolutionGuid = {6E20C036-2958-4686-A84B-BA8288DA37E8}
	EndGlobalSection
EndGlobal
